PODS:
  - Alamofire (3.4.0)
  - DTMHeatmap (1.0)

DEPENDENCIES:
  - Alamofire (~> 3.4)
  - DTMHeatmap

SPEC CHECKSUMS:
  Alamofire: c19a627cefd6a95f840401c49ab1f124e07f54ee
  DTMHeatmap: f5588af0730fbfe78c75d6d013f1932d7d327ab2

PODFILE CHECKSUM: 653fc93d3e9ef7e2efeb066f0d8ab2680fad8394

COCOAPODS: 1.0.1
